
Microsoft Visual Studio Solution File, Format Version 12.00
Project("{FAE04EC0-301F-11D3-BF4B-00C04F79EFBC}") = "DeleteActionOnEntityFramework", "DeleteActionOnEntityFramework.csproj", "{0CB14968-0254-4098-8236-9C9DB3E0C9EF}"
EndProject
Global
	GlobalSection(SolutionConfigurationPlatforms) = preSolution
		Debug|Any CPU = Debug|Any CPU
		Release|Any CPU = Release|Any CPU
	EndGlobalSection
	GlobalSection(ProjectConfigurationPlatforms) = postSolution
		{0CB14968-0254-4098-8236-9C9DB3E0C9EF}.Debug|Any CPU.ActiveCfg = Debug|Any CPU
		{0CB14968-0254-4098-8236-9C9DB3E0C9EF}.Debug|Any CPU.Build.0 = Debug|Any CPU
		{0CB14968-0254-4098-8236-9C9DB3E0C9EF}.Release|Any CPU.ActiveCfg = Release|Any CPU
		{0CB14968-0254-4098-8236-9C9DB3E0C9EF}.Release|Any CPU.Build.0 = Release|Any CPU
	EndGlobalSection
EndGlobal
